github.com/nunocoracao/blowfish v1.9.0 h1:DqTrybi9CtG6HzCDMsDdzkVxVCjDaE6z1Ebj4OBykV8=
github.com/nunocoracao/blowfish v1.9.0/go.mod h1:a+x71NKypnAynVrKYncF4jMagrvWjOdacVpA9RJh2UA=
github.com/nunocoracao/blowfish/v2 v2.22.2 h1:A9QlYoeWe89H3yvrGXpFG313dfBVT06zktD4zshRW5Y=
github.com/nunocoracao/blowfish/v2 v2.22.2/go.mod h1:4SkMc+Ht8gpQCwArqiHMBDP3soxi2OWuAhVney+cuyk=
github.com/nunocoracao/blowfish/v2 v2.23.1 h1:cJWAcIhlWMXZRo0PxMUh0DMn33wImGQyx2xWElqQJ2c=
github.com/nunocoracao/blowfish/v2 v2.23.1/go.mod h1:4SkMc+Ht8gpQCwArqiHMBDP3soxi2OWuAhVney+cuyk=
github.com/nunocoracao/blowfish/v2 v2.24.0 h1:SKYnaZ/Nu5P4BvNG71kt/StyW+tU0Cw8Dyq+UhqqGKw=
github.com/nunocoracao/blowfish/v2 v2.24.0/go.mod h1:4SkMc+Ht8gpQCwArqiHMBDP3soxi2OWuAhVney+cuyk=
